// !$*UTF8*$!
{
	archiveVersion = 1;
	classes = {
	};
	objectVersion = 50;
	objects = {

/* Begin PBXBuildFile section */
		BAA26CE7215F1F30001F059D /* main.cpp in Sources */ = {isa = PBXBuildFile; fileRef = BAA26CE6215F1F30001F059D /* main.cpp */; };
		BAA26CEF215F252A001F059D /* worker.cpp in Sources */ = {isa = PBXBuildFile; fileRef = BAA26CED215F252A001F059D /* worker.cpp */; };
		BAA26CF2215F2542001F059D /* machine.cpp in Sources */ = {isa = PBXBuildFile; fileRef = BAA26CF0215F2542001F059D /* machine.cpp */; };
		BAA26CF5215F2619001F059D /* calculTime.cpp in Sources */ = {isa = PBXBuildFile; fileRef = BAA26CF3215F2619001F059D /* calculTime.cpp */; };
/* End PBXBuildFile section */

/* Begin PBXCopyFilesBuildPhase section */
		BAA26CE1215F1F30001F059D /* CopyFiles */ = {
			isa = PBXCopyFilesBuildPhase;
			buildActionMask = 2147483647;
			dstPath = /usr/share/man/man1/;
			dstSubfolderSpec = 0;
			files = (
			);
			runOnlyForDeploymentPostprocessing = 1;
		};
/* End PBXCopyFilesBuildPhase section */

/* Begin PBXFileReference section */
		BAA26CE3215F1F30001F059D /* workerMachine */ = {isa = PBXFileReference; explicitFileType = "compiled.mach-o.executable"; includeInIndex = 0; path = workerMachine; sourceTree = BUILT_PRODUCTS_DIR; };
		BAA26CE6215F1F30001F059D /* main.cpp */ = {isa = PBXFileReference; lastKnownFileType = sourcecode.cpp.cpp; path = main.cpp; sourceTree = "<group>"; };
		BAA26CED215F252A001F059D /* worker.cpp */ = {isa = PBXFileReference; lastKnownFileType = sourcecode.cpp.cpp; path = worker.cpp; sourceTree = "<group>"; };
		BAA26CEE215F252A001F059D /* worker.hpp */ = {isa = PBXFileReference; lastKnownFileType = sourcecode.cpp.h; path = worker.hpp; sourceTree = "<group>"; };
		BAA26CF0215F2542001F059D /* machine.cpp */ = {isa = PBXFileReference; lastKnownFileType = sourcecode.cpp.cpp; path = machine.cpp; sourceTree = "<group>"; };
		BAA26CF1215F2542001F059D /* machine.hpp */ = {isa = PBXFileReference; lastKnownFileType = sourcecode.cpp.h; path = machine.hpp; sourceTree = "<group>"; };
		BAA26CF3215F2619001F059D /* calculTime.cpp */ = {isa = PBXFileReference; lastKnownFileType = sourcecode.cpp.cpp; path = calculTime.cpp; sourceTree = "<group>"; };
		BAA26CF4215F2619001F059D /* calculTime.hpp */ = {isa = PBXFileReference; lastKnownFileType = sourcecode.cpp.h; path = calculTime.hpp; sourceTree = "<group>"; };
/* End PBXFileReference section */

/* Begin PBXFrameworksBuildPhase section */
		BAA26CE0215F1F30001F059D /* Frameworks */ = {
			isa = PBXFrameworksBuildPhase;
			buildActionMask = 2147483647;
			files = (
			);
			runOnlyForDeploymentPostprocessing = 0;
		};
/* End PBXFrameworksBuildPhase section */

/* Begin PBXGroup section */
		BAA26CDA215F1F30001F059D = {
			isa = PBXGroup;
			children = (
				BAA26CE5215F1F30001F059D /* workerMachine */,
				BAA26CE4215F1F30001F059D /* Products */,
			);
			sourceTree = "<group>";
		};
		BAA26CE4215F1F30001F059D /* Products */ = {
			isa = PBXGroup;
			children = (
				BAA26CE3215F1F30001F059D /* workerMachine */,
			);
			name = Products;
			sourceTree = "<group>";
		};
		BAA26CE5215F1F30001F059D /* workerMachine */ = {
			isa = PBXGroup;
			children = (
				BAA26CE6215F1F30001F059D /* main.cpp */,
				BAA26CF4215F2619001F059D /* calculTime.hpp */,
				BAA26CEE215F252A001F059D /* worker.hpp */,
				BAA26CF1215F2542001F059D /* machine.hpp */,
				BAA26CF0215F2542001F059D /* machine.cpp */,
				BAA26CED215F252A001F059D /* worker.cpp */,
				BAA26CF3215F2619001F059D /* calculTime.cpp */,
			);
			path = workerMachine;
			sourceTree = "<group>";
		};
/* End PBXGroup section */

/* Begin PBXNativeTarget section */
		BAA26CE2215F1F30001F059D /* workerMachine */ = {
			isa = PBXNativeTarget;
			buildConfigurationList = BAA26CEA215F1F30001F059D /* Build configuration list for PBXNativeTarget "workerMachine" */;
			buildPhases = (
				BAA26CDF215F1F30001F059D /* Sources */,
				BAA26CE0215F1F30001F059D /* Frameworks */,
				BAA26CE1215F1F30001F059D /* CopyFiles */,
			);
			buildRules = (
			);
			dependencies = (
			);
			name = workerMachine;
			productName = workerMachine;
			productReference = BAA26CE3215F1F30001F059D /* workerMachine */;
			productType = "com.apple.product-type.tool";
		};
/* End PBXNativeTarget section */

/* Begin PBXProject section */
		BAA26CDB215F1F30001F059D /* Project object */ = {
			isa = PBXProject;
			attributes = {
				LastUpgradeCheck = 1000;
				ORGANIZATIONNAME = "徐浩哲";
				TargetAttributes = {
					BAA26CE2215F1F30001F059D = {
						CreatedOnToolsVersion = 10.0;
					};
				};
			};
			buildConfigurationList = BAA26CDE215F1F30001F059D /* Build configuration list for PBXProject "workerMachine" */;
			compatibilityVersion = "Xcode 9.3";
			developmentRegion = en;
			hasScannedForEncodings = 0;
			knownRegions = (
				en,
			);
			mainGroup = BAA26CDA215F1F30001F059D;
			productRefGroup = BAA26CE4215F1F30001F059D /* Products */;
			projectDirPath = "";
			projectRoot = "";
			targets = (
				BAA26CE2215F1F30001F059D /* workerMachine */,
			);
		};
/* End PBXProject section */

/* Begin PBXSourcesBuildPhase section */
		BAA26CDF215F1F30001F059D /* Sources */ = {
			isa = PBXSourcesBuildPhase;
			buildActionMask = 2147483647;
			files = (
				BAA26CF2215F2542001F059D /* machine.cpp in Sources */,
				BAA26CE7215F1F30001F059D /* main.cpp in Sources */,
				BAA26CF5215F2619001F059D /* calculTime.cpp in Sources */,
				BAA26CEF215F252A001F059D /* worker.cpp in Sources */,
			);
			runOnlyForDeploymentPostprocessing = 0;
		};
/* End PBXSourcesBuildPhase section */

/* Begin XCBuildConfiguration section */
		BAA26CE8215F1F30001F059D /* Debug */ = {
			isa = XCBuildConfiguration;
			buildSettings = {
				ALWAYS_SEARCH_USER_PATHS = NO;
				CLANG_ANALYZER_NONNULL = YES;
				CLANG_ANALYZER_NUMBER_OBJECT_CONVERSION = YES_AGGRESSIVE;
				CLANG_CXX_LANGUAGE_STANDARD = "gnu++14";
				CLANG_CXX_LIBRARY = "libc++";
				CLANG_ENABLE_MODULES = YES;
				CLANG_ENABLE_OBJC_ARC = YES;
				CLANG_ENABLE_OBJC_WEAK = YES;
				CLANG_WARN_BLOCK_CAPTURE_AUTORELEASING = YES;
				CLANG_WARN_BOOL_CONVERSION = YES;
				CLANG_WARN_COMMA = YES;
				CLANG_WARN_CONSTANT_CONVERSION = YES;
				CLANG_WARN_DEPRECATED_OBJC_IMPLEMENTATIONS = YES;
				CLANG_WARN_DIRECT_OBJC_ISA_USAGE = YES_ERROR;
				CLANG_WARN_DOCUMENTATION_COMMENTS = YES;
				CLANG_WARN_EMPTY_BODY = YES;
				CLANG_WARN_ENUM_CONVERSION = YES;
				CLANG_WARN_INFINITE_RECURSION = YES;
				CLANG_WARN_INT_CONVERSION = YES;
				CLANG_WARN_NON_LITERAL_NULL_CONVERSION = YES;
				CLANG_WARN_OBJC_IMPLICIT_RETAIN_SELF = YES;
				CLANG_WARN_OBJC_LITERAL_CONVERSION = YES;
				CLANG_WARN_OBJC_ROOT_CLASS = YES_ERROR;
				CLANG_WARN_RANGE_LOOP_ANALYSIS = YES;
				CLANG_WARN_STRICT_PROTOTYPES = YES;
				CLANG_WARN_SUSPICIOUS_MOVE = YES;
				CLANG_WARN_UNGUARDED_AVAILABILITY = YES_AGGRESSIVE;
				CLANG_WARN_UNREACHABLE_CODE = YES;
				CLANG_WARN__DUPLICATE_METHOD_MATCH = YES;
				CODE_SIGN_IDENTITY = "-";
				COPY_PHASE_STRIP = NO;
				DEBUG_INFORMATION_FORMAT = dwarf;
				ENABLE_STRICT_OBJC_MSGSEND = YES;
				ENABLE_TESTABILITY = YES;
				GCC_C_LANGUAGE_STANDARD = gnu11;
				GCC_DYNAMIC_NO_PIC = NO;
				GCC_NO_COMMON_BLOCKS = YES;
				GCC_OPTIMIZATION_LEVEL = 0;
				GCC_PREPROCESSOR_DEFINITIONS = (
					"DEBUG=1",
					"$(inherited)",
				);
				GCC_WARN_64_TO_32_BIT_CONVERSION = YES;
				GCC_WARN_ABOUT_RETURN_TYPE = YES_ERROR;
				GCC_WARN_UNDECLARED_SELECTOR = YES;
				GCC_WARN_UNINITIALIZED_AUTOS = YES_AGGRESSIVE;
				GCC_WARN_UNUSED_FUNCTION = YES;
				GCC_WARN_UNUSED_VARIABLE = YES;
				MACOSX_DEPLOYMENT_TARGET = 10.14;
				MTL_ENABLE_DEBUG_INFO = INCLUDE_SOURCE;
				MTL_FAST_MATH = YES;
				ONLY_ACTIVE_ARCH = YES;
				SDKROOT = macosx;
			};
			name = Debug;
		};
		BAA26CE9215F1F30001F059D /* Release */ = {
			isa = XCBuildConfiguration;
			buildSettings = {
				ALWAYS_SEARCH_USER_PATHS = NO;
				CLANG_ANALYZER_NONNULL = YES;
				CLANG_ANALYZER_NUMBER_OBJECT_CONVERSION = YES_AGGRESSIVE;
				CLANG_CXX_LANGUAGE_STANDARD = "gnu++14";
				CLANG_CXX_LIBRARY = "libc++";
				CLANG_ENABLE_MODULES = YES;
				CLANG_ENABLE_OBJC_ARC = YES;
				CLANG_ENABLE_OBJC_WEAK = YES;
				CLANG_WARN_BLOCK_CAPTURE_AUTORELEASING = YES;
				CLANG_WARN_BOOL_CONVERSION = YES;
				CLANG_WARN_COMMA = YES;
				CLANG_WARN_CONSTANT_CONVERSION = YES;
				CLANG_WARN_DEPRECATED_OBJC_IMPLEMENTATIONS = YES;
				CLANG_WARN_DIRECT_OBJC_ISA_USAGE = YES_ERROR;
				CLANG_WARN_DOCUMENTATION_COMMENTS = YES;
				CLANG_WARN_EMPTY_BODY = YES;
				CLANG_WARN_ENUM_CONVERSION = YES;
				CLANG_WARN_INFINITE_RECURSION = YES;
				CLANG_WARN_INT_CONVERSION = YES;
				CLANG_WARN_NON_LITERAL_NULL_CONVERSION = YES;
				CLANG_WARN_OBJC_IMPLICIT_RETAIN_SELF = YES;
				CLANG_WARN_OBJC_LITERAL_CONVERSION = YES;
				CLANG_WARN_OBJC_ROOT_CLASS = YES_ERROR;
				CLANG_WARN_RANGE_LOOP_ANALYSIS = YES;
				CLANG_WARN_STRICT_PROTOTYPES = YES;
				CLANG_WARN_SUSPICIOUS_MOVE = YES;
				CLANG_WARN_UNGUARDED_AVAILABILITY = YES_AGGRESSIVE;
				CLANG_WARN_UNREACHABLE_CODE = YES;
				CLANG_WARN__DUPLICATE_METHOD_MATCH = YES;
				CODE_SIGN_IDENTITY = "-";
				COPY_PHASE_STRIP = NO;
				DEBUG_INFORMATION_FORMAT = "dwarf-with-dsym";
				ENABLE_NS_ASSERTIONS = NO;
				ENABLE_STRICT_OBJC_MSGSEND = YES;
				GCC_C_LANGUAGE_STANDARD = gnu11;
				GCC_NO_COMMON_BLOCKS = YES;
				GCC_WARN_64_TO_32_BIT_CONVERSION = YES;
				GCC_WARN_ABOUT_RETURN_TYPE = YES_ERROR;
				GCC_WARN_UNDECLARED_SELECTOR = YES;
				GCC_WARN_UNINITIALIZED_AUTOS = YES_AGGRESSIVE;
				GCC_WARN_UNUSED_FUNCTION = YES;
				GCC_WARN_UNUSED_VARIABLE = YES;
				MACOSX_DEPLOYMENT_TARGET = 10.14;
				MTL_ENABLE_DEBUG_INFO = NO;
				MTL_FAST_MATH = YES;
				SDKROOT = macosx;
			};
			name = Release;
		};
		BAA26CEB215F1F30001F059D /* Debug */ = {
			isa = XCBuildConfiguration;
			buildSettings = {
				CODE_SIGN_STYLE = Automatic;
				PRODUCT_NAME = "$(TARGET_NAME)";
			};
			name = Debug;
		};
		BAA26CEC215F1F30001F059D /* Release */ = {
			isa = XCBuildConfiguration;
			buildSettings = {
				CODE_SIGN_STYLE = Automatic;
				PRODUCT_NAME = "$(TARGET_NAME)";
			};
			name = Release;
		};
/* End XCBuildConfiguration section */

/* Begin XCConfigurationList section */
		BAA26CDE215F1F30001F059D /* Build configuration list for PBXProject "workerMachine" */ = {
			isa = XCConfigurationList;
			buildConfigurations = (
				BAA26CE8215F1F30001F059D /* Debug */,
				BAA26CE9215F1F30001F059D /* Release */,
			);
			defaultConfigurationIsVisible = 0;
			defaultConfigurationName = Release;
		};
		BAA26CEA215F1F30001F059D /* Build configuration list for PBXNativeTarget "workerMachine" */ = {
			isa = XCConfigurationList;
			buildConfigurations = (
				BAA26CEB215F1F30001F059D /* Debug */,
				BAA26CEC215F1F30001F059D /* Release */,
			);
			defaultConfigurationIsVisible = 0;
			defaultConfigurationName = Release;
		};
/* End XCConfigurationList section */
	};
	rootObject = BAA26CDB215F1F30001F059D /* Project object */;
}
